
Microsoft Visual Studio Solution File, Format Version 12.00
# Visual Studio Version 17
VisualStudioVersion = 17.0.31903.59
MinimumVisualStudioVersion = 10.0.40219.1
Project("{2150E333-8FDC-42A3-9474-1A3956D46DE8}") = "POLYGLOT.Project.Security", "POLYGLOT.Project.Security", "{92EE9DCD-8283-4190-900A-0F21ABD13E20}"
EndProject
Project("{2150E333-8FDC-42A3-9474-1A3956D46DE8}") = "POLYGLOT.Project.Invoice", "POLYGLOT.Project.Invoice", "{70A26E25-A0B9-4CBC-BA2B-604260B19683}"
EndProject
Project("{2150E333-8FDC-42A3-9474-1A3956D46DE8}") = "POLYGLOT.Project.Pay", "POLYGLOT.Project.Pay", "{8A2806B5-395D-4D76-A634-669956B53E6F}"
EndProject
Project("{2150E333-8FDC-42A3-9474-1A3956D46DE8}") = "POLYGLOT.Project.Transaction", "POLYGLOT.Project.Transaction", "{DB02E699-C1DD-4428-8E43-B8651DF72372}"
EndProject
Project("{2150E333-8FDC-42A3-9474-1A3956D46DE8}") = "src", "src", "{7A3192E0-08CD-4BC3-A3FA-3AD9D757BC12}"
EndProject
Project("{FAE04EC0-301F-11D3-BF4B-00C04F79EFBC}") = "POLYGLOT.Project.Invoice.api", "POLYGLOT.Project.Invoice.api\POLYGLOT.Project.Invoice.api.csproj", "{6C9035DF-6A8B-4446-B909-EA8067FC3CFF}"
EndProject
Project("{2150E333-8FDC-42A3-9474-1A3956D46DE8}") = "src", "src", "{56201661-99C8-46D7-8DEB-3F480C52F6A2}"
EndProject
Project("{FAE04EC0-301F-11D3-BF4B-00C04F79EFBC}") = "POLYGLOT.Project.Pay.api", "POLYGLOT.Project.Pay.api\POLYGLOT.Project.Pay.api.csproj", "{9849E7D6-0567-4867-A763-4F5DE9F4EDB0}"
EndProject
Project("{2150E333-8FDC-42A3-9474-1A3956D46DE8}") = "src", "src", "{B2B3BCA1-C5C0-4263-9CCE-4CBE8A7E4625}"
EndProject
Project("{FAE04EC0-301F-11D3-BF4B-00C04F79EFBC}") = "POLYGLOT.Project.Security.api", "POLYGLOT.Project.Security.api\POLYGLOT.Project.Security.api.csproj", "{011CC12B-B5AE-4CBE-A968-60D4C9BCA634}"
EndProject
Project("{2150E333-8FDC-42A3-9474-1A3956D46DE8}") = "src", "src", "{3340099C-204A-45BF-AEDA-C827AC64E113}"
EndProject
Project("{FAE04EC0-301F-11D3-BF4B-00C04F79EFBC}") = "POLYGLOT.Project.Transaction.api", "POLYGLOT.Project.Transaction.api\POLYGLOT.Project.Transaction.api.csproj", "{173851D3-491F-4535-B152-B20E2C25DF53}"
EndProject
Project("{FAE04EC0-301F-11D3-BF4B-00C04F79EFBC}") = "POLYGLOT.Project.Security.infraestructure", "POLYGLOT.Project.Security.infraestructure\POLYGLOT.Project.Security.infraestructure.csproj", "{978E750F-ECD9-4BF5-9476-7A2E1E7757E8}"
EndProject
Project("{FAE04EC0-301F-11D3-BF4B-00C04F79EFBC}") = "POLYGLOT.Project.Pay.infraestructure", "POLYGLOT.Project.Pay.infraesctructure\POLYGLOT.Project.Pay.infraestructure.csproj", "{7821763C-C19C-4146-9158-38FB9CF3B2D1}"
EndProject
Project("{FAE04EC0-301F-11D3-BF4B-00C04F79EFBC}") = "POLYGLOT.Project.Invoice.infraestructure", "POLYGLOT.Project.Invoice.infraestructure\POLYGLOT.Project.Invoice.infraestructure.csproj", "{CC9A935C-D006-4BB8-AE5B-FFA093B00CE1}"
EndProject
Project("{FAE04EC0-301F-11D3-BF4B-00C04F79EFBC}") = "POLYGLOT.Project.Transaction.infraestructure", "POLYGLOT.Project.Transaction.infraestructure\POLYGLOT.Project.Transaction.infraestructure.csproj", "{951E4749-89B6-46F3-98D9-0536A5B893D8}"
EndProject
Project("{FAE04EC0-301F-11D3-BF4B-00C04F79EFBC}") = "POLYGLOT.Project.Security.application", "POLYGLOT.Project.Security.application\POLYGLOT.Project.Security.application.csproj", "{795528F8-7E7F-43E4-A6D8-FC92DA456E6B}"
EndProject
Global
	GlobalSection(SolutionConfigurationPlatforms) = preSolution
		Debug|Any CPU = Debug|Any CPU
		Release|Any CPU = Release|Any CPU
	EndGlobalSection
	GlobalSection(ProjectConfigurationPlatforms) = postSolution
		{6C9035DF-6A8B-4446-B909-EA8067FC3CFF}.Debug|Any CPU.ActiveCfg = Debug|Any CPU
		{6C9035DF-6A8B-4446-B909-EA8067FC3CFF}.Debug|Any CPU.Build.0 = Debug|Any CPU
		{6C9035DF-6A8B-4446-B909-EA8067FC3CFF}.Release|Any CPU.ActiveCfg = Release|Any CPU
		{6C9035DF-6A8B-4446-B909-EA8067FC3CFF}.Release|Any CPU.Build.0 = Release|Any CPU
		{9849E7D6-0567-4867-A763-4F5DE9F4EDB0}.Debug|Any CPU.ActiveCfg = Debug|Any CPU
		{9849E7D6-0567-4867-A763-4F5DE9F4EDB0}.Debug|Any CPU.Build.0 = Debug|Any CPU
		{9849E7D6-0567-4867-A763-4F5DE9F4EDB0}.Release|Any CPU.ActiveCfg = Release|Any CPU
		{9849E7D6-0567-4867-A763-4F5DE9F4EDB0}.Release|Any CPU.Build.0 = Release|Any CPU
		{011CC12B-B5AE-4CBE-A968-60D4C9BCA634}.Debug|Any CPU.ActiveCfg = Debug|Any CPU
		{011CC12B-B5AE-4CBE-A968-60D4C9BCA634}.Debug|Any CPU.Build.0 = Debug|Any CPU
		{011CC12B-B5AE-4CBE-A968-60D4C9BCA634}.Release|Any CPU.ActiveCfg = Release|Any CPU
		{011CC12B-B5AE-4CBE-A968-60D4C9BCA634}.Release|Any CPU.Build.0 = Release|Any CPU
		{173851D3-491F-4535-B152-B20E2C25DF53}.Debug|Any CPU.ActiveCfg = Debug|Any CPU
		{173851D3-491F-4535-B152-B20E2C25DF53}.Debug|Any CPU.Build.0 = Debug|Any CPU
		{173851D3-491F-4535-B152-B20E2C25DF53}.Release|Any CPU.ActiveCfg = Release|Any CPU
		{173851D3-491F-4535-B152-B20E2C25DF53}.Release|Any CPU.Build.0 = Release|Any CPU
		{978E750F-ECD9-4BF5-9476-7A2E1E7757E8}.Debug|Any CPU.ActiveCfg = Debug|Any CPU
		{978E750F-ECD9-4BF5-9476-7A2E1E7757E8}.Debug|Any CPU.Build.0 = Debug|Any CPU
		{978E750F-ECD9-4BF5-9476-7A2E1E7757E8}.Release|Any CPU.ActiveCfg = Release|Any CPU
		{978E750F-ECD9-4BF5-9476-7A2E1E7757E8}.Release|Any CPU.Build.0 = Release|Any CPU
		{7821763C-C19C-4146-9158-38FB9CF3B2D1}.Debug|Any CPU.ActiveCfg = Debug|Any CPU
		{7821763C-C19C-4146-9158-38FB9CF3B2D1}.Debug|Any CPU.Build.0 = Debug|Any CPU
		{7821763C-C19C-4146-9158-38FB9CF3B2D1}.Release|Any CPU.ActiveCfg = Release|Any CPU
		{7821763C-C19C-4146-9158-38FB9CF3B2D1}.Release|Any CPU.Build.0 = Release|Any CPU
		{CC9A935C-D006-4BB8-AE5B-FFA093B00CE1}.Debug|Any CPU.ActiveCfg = Debug|Any CPU
		{CC9A935C-D006-4BB8-AE5B-FFA093B00CE1}.Debug|Any CPU.Build.0 = Debug|Any CPU
		{CC9A935C-D006-4BB8-AE5B-FFA093B00CE1}.Release|Any CPU.ActiveCfg = Release|Any CPU
		{CC9A935C-D006-4BB8-AE5B-FFA093B00CE1}.Release|Any CPU.Build.0 = Release|Any CPU
		{951E4749-89B6-46F3-98D9-0536A5B893D8}.Debug|Any CPU.ActiveCfg = Debug|Any CPU
		{951E4749-89B6-46F3-98D9-0536A5B893D8}.Debug|Any CPU.Build.0 = Debug|Any CPU
		{951E4749-89B6-46F3-98D9-0536A5B893D8}.Release|Any CPU.ActiveCfg = Release|Any CPU
		{951E4749-89B6-46F3-98D9-0536A5B893D8}.Release|Any CPU.Build.0 = Release|Any CPU
		{795528F8-7E7F-43E4-A6D8-FC92DA456E6B}.Debug|Any CPU.ActiveCfg = Debug|Any CPU
		{795528F8-7E7F-43E4-A6D8-FC92DA456E6B}.Debug|Any CPU.Build.0 = Debug|Any CPU
		{795528F8-7E7F-43E4-A6D8-FC92DA456E6B}.Release|Any CPU.ActiveCfg = Release|Any CPU
		{795528F8-7E7F-43E4-A6D8-FC92DA456E6B}.Release|Any CPU.Build.0 = Release|Any CPU
	EndGlobalSection
	GlobalSection(SolutionProperties) = preSolution
		HideSolutionNode = FALSE
	EndGlobalSection
	GlobalSection(NestedProjects) = preSolution
		{7A3192E0-08CD-4BC3-A3FA-3AD9D757BC12} = {70A26E25-A0B9-4CBC-BA2B-604260B19683}
		{6C9035DF-6A8B-4446-B909-EA8067FC3CFF} = {7A3192E0-08CD-4BC3-A3FA-3AD9D757BC12}
		{56201661-99C8-46D7-8DEB-3F480C52F6A2} = {8A2806B5-395D-4D76-A634-669956B53E6F}
		{9849E7D6-0567-4867-A763-4F5DE9F4EDB0} = {56201661-99C8-46D7-8DEB-3F480C52F6A2}
		{B2B3BCA1-C5C0-4263-9CCE-4CBE8A7E4625} = {92EE9DCD-8283-4190-900A-0F21ABD13E20}
		{011CC12B-B5AE-4CBE-A968-60D4C9BCA634} = {B2B3BCA1-C5C0-4263-9CCE-4CBE8A7E4625}
		{3340099C-204A-45BF-AEDA-C827AC64E113} = {DB02E699-C1DD-4428-8E43-B8651DF72372}
		{173851D3-491F-4535-B152-B20E2C25DF53} = {3340099C-204A-45BF-AEDA-C827AC64E113}
		{978E750F-ECD9-4BF5-9476-7A2E1E7757E8} = {B2B3BCA1-C5C0-4263-9CCE-4CBE8A7E4625}
		{7821763C-C19C-4146-9158-38FB9CF3B2D1} = {56201661-99C8-46D7-8DEB-3F480C52F6A2}
		{CC9A935C-D006-4BB8-AE5B-FFA093B00CE1} = {7A3192E0-08CD-4BC3-A3FA-3AD9D757BC12}
		{951E4749-89B6-46F3-98D9-0536A5B893D8} = {3340099C-204A-45BF-AEDA-C827AC64E113}
		{795528F8-7E7F-43E4-A6D8-FC92DA456E6B} = {B2B3BCA1-C5C0-4263-9CCE-4CBE8A7E4625}
	EndGlobalSection
EndGlobal
