
Microsoft Visual Studio Solution File, Format Version 12.00
# Visual Studio Version 17
VisualStudioVersion = 17.0.31903.59
MinimumVisualStudioVersion = 10.0.40219.1
Project("{2150E333-8FDC-42A3-9474-1A3956D46DE8}") = "src", "src", "{55D18080-C6FB-4700-98D3-F86DFC760455}"
EndProject
Project("{FAE04EC0-301F-11D3-BF4B-00C04F79EFBC}") = "POLYGLOT.Project.Transaction.api", "POLYGLOT.Project.Transaction.api\POLYGLOT.Project.Transaction.api.csproj", "{1F4385CC-137F-4F90-A3D5-C6AE46B13792}"
EndProject
Global
	GlobalSection(SolutionConfigurationPlatforms) = preSolution
		Debug|Any CPU = Debug|Any CPU
		Release|Any CPU = Release|Any CPU
	EndGlobalSection
	GlobalSection(ProjectConfigurationPlatforms) = postSolution
		{1F4385CC-137F-4F90-A3D5-C6AE46B13792}.Debug|Any CPU.ActiveCfg = Debug|Any CPU
		{1F4385CC-137F-4F90-A3D5-C6AE46B13792}.Debug|Any CPU.Build.0 = Debug|Any CPU
		{1F4385CC-137F-4F90-A3D5-C6AE46B13792}.Release|Any CPU.ActiveCfg = Release|Any CPU
		{1F4385CC-137F-4F90-A3D5-C6AE46B13792}.Release|Any CPU.Build.0 = Release|Any CPU
	EndGlobalSection
	GlobalSection(SolutionProperties) = preSolution
		HideSolutionNode = FALSE
	EndGlobalSection
	GlobalSection(NestedProjects) = preSolution
		{1F4385CC-137F-4F90-A3D5-C6AE46B13792} = {55D18080-C6FB-4700-98D3-F86DFC760455}
	EndGlobalSection
EndGlobal
