
Microsoft Visual Studio Solution File, Format Version 12.00
# Visual Studio Version 17
VisualStudioVersion = 17.0.31903.59
MinimumVisualStudioVersion = 10.0.40219.1
Project("{2150E333-8FDC-42A3-9474-1A3956D46DE8}") = "src", "src", "{1C1E086A-9CBF-4456-871B-3DDAE6FA0B49}"
EndProject
Project("{FAE04EC0-301F-11D3-BF4B-00C04F79EFBC}") = "POLYGLOT.Project.Security.api", "POLYGLOT.Project.Security.api\POLYGLOT.Project.Security.api.csproj", "{A90FF04A-12C3-442B-BAAE-FE4D054B1772}"
EndProject
Global
	GlobalSection(SolutionConfigurationPlatforms) = preSolution
		Debug|Any CPU = Debug|Any CPU
		Release|Any CPU = Release|Any CPU
	EndGlobalSection
	GlobalSection(ProjectConfigurationPlatforms) = postSolution
		{A90FF04A-12C3-442B-BAAE-FE4D054B1772}.Debug|Any CPU.ActiveCfg = Debug|Any CPU
		{A90FF04A-12C3-442B-BAAE-FE4D054B1772}.Debug|Any CPU.Build.0 = Debug|Any CPU
		{A90FF04A-12C3-442B-BAAE-FE4D054B1772}.Release|Any CPU.ActiveCfg = Release|Any CPU
		{A90FF04A-12C3-442B-BAAE-FE4D054B1772}.Release|Any CPU.Build.0 = Release|Any CPU
	EndGlobalSection
	GlobalSection(SolutionProperties) = preSolution
		HideSolutionNode = FALSE
	EndGlobalSection
	GlobalSection(NestedProjects) = preSolution
		{A90FF04A-12C3-442B-BAAE-FE4D054B1772} = {1C1E086A-9CBF-4456-871B-3DDAE6FA0B49}
	EndGlobalSection
EndGlobal
