
Microsoft Visual Studio Solution File, Format Version 12.00
# Visual Studio Version 17
VisualStudioVersion = 17.0.31903.59
MinimumVisualStudioVersion = 10.0.40219.1
Project("{2150E333-8FDC-42A3-9474-1A3956D46DE8}") = "src", "src", "{BAB39FEE-3D09-4B75-9E01-AE71B1BE4542}"
EndProject
Project("{FAE04EC0-301F-11D3-BF4B-00C04F79EFBC}") = "POLYGLOT.Project.Pay.api", "POLYGLOT.Project.Pay.api\POLYGLOT.Project.Pay.api.csproj", "{CA608A61-9DC2-4DB1-A2D0-00AB51A44FD8}"
EndProject
Global
	GlobalSection(SolutionConfigurationPlatforms) = preSolution
		Debug|Any CPU = Debug|Any CPU
		Release|Any CPU = Release|Any CPU
	EndGlobalSection
	GlobalSection(ProjectConfigurationPlatforms) = postSolution
		{CA608A61-9DC2-4DB1-A2D0-00AB51A44FD8}.Debug|Any CPU.ActiveCfg = Debug|Any CPU
		{CA608A61-9DC2-4DB1-A2D0-00AB51A44FD8}.Debug|Any CPU.Build.0 = Debug|Any CPU
		{CA608A61-9DC2-4DB1-A2D0-00AB51A44FD8}.Release|Any CPU.ActiveCfg = Release|Any CPU
		{CA608A61-9DC2-4DB1-A2D0-00AB51A44FD8}.Release|Any CPU.Build.0 = Release|Any CPU
	EndGlobalSection
	GlobalSection(SolutionProperties) = preSolution
		HideSolutionNode = FALSE
	EndGlobalSection
	GlobalSection(NestedProjects) = preSolution
		{CA608A61-9DC2-4DB1-A2D0-00AB51A44FD8} = {BAB39FEE-3D09-4B75-9E01-AE71B1BE4542}
	EndGlobalSection
EndGlobal
