
Microsoft Visual Studio Solution File, Format Version 12.00
# Visual Studio Version 17
VisualStudioVersion = 17.0.31903.59
MinimumVisualStudioVersion = 10.0.40219.1
Project("{2150E333-8FDC-42A3-9474-1A3956D46DE8}") = "src", "src", "{FC8995A1-DD1D-49F2-8A9B-5916417BD37B}"
EndProject
Project("{FAE04EC0-301F-11D3-BF4B-00C04F79EFBC}") = "POLYGLOT.Project.Invoice.api", "POLYGLOT.Project.Invoice.api\POLYGLOT.Project.Invoice.api.csproj", "{9FA4611D-68F5-4858-A7EF-0965696F26A7}"
EndProject
Global
	GlobalSection(SolutionConfigurationPlatforms) = preSolution
		Debug|Any CPU = Debug|Any CPU
		Release|Any CPU = Release|Any CPU
	EndGlobalSection
	GlobalSection(ProjectConfigurationPlatforms) = postSolution
		{9FA4611D-68F5-4858-A7EF-0965696F26A7}.Debug|Any CPU.ActiveCfg = Debug|Any CPU
		{9FA4611D-68F5-4858-A7EF-0965696F26A7}.Debug|Any CPU.Build.0 = Debug|Any CPU
		{9FA4611D-68F5-4858-A7EF-0965696F26A7}.Release|Any CPU.ActiveCfg = Release|Any CPU
		{9FA4611D-68F5-4858-A7EF-0965696F26A7}.Release|Any CPU.Build.0 = Release|Any CPU
	EndGlobalSection
	GlobalSection(SolutionProperties) = preSolution
		HideSolutionNode = FALSE
	EndGlobalSection
	GlobalSection(NestedProjects) = preSolution
		{9FA4611D-68F5-4858-A7EF-0965696F26A7} = {FC8995A1-DD1D-49F2-8A9B-5916417BD37B}
	EndGlobalSection
EndGlobal
